
Microsoft Visual Studio Solution File, Format Version 12.00
# Visual Studio Version 16
VisualStudioVersion = 16.0.30717.126
MinimumVisualStudioVersion = 10.0.40219.1
Project("{FAE04EC0-301F-11D3-BF4B-00C04F79EFBC}") = "PLProject", "PLProject\PLProject.csproj", "{78FA8870-F012-480C-92ED-2C17DD6802C8}"
EndProject
Global
	GlobalSection(SolutionConfigurationPlatforms) = preSolution
		Debug|Any CPU = Debug|Any CPU
		Release|Any CPU = Release|Any CPU
	EndGlobalSection
	GlobalSection(ProjectConfigurationPlatforms) = postSolution
		{78FA8870-F012-480C-92ED-2C17DD6802C8}.Debug|Any CPU.ActiveCfg = Debug|Any CPU
		{78FA8870-F012-480C-92ED-2C17DD6802C8}.Debug|Any CPU.Build.0 = Debug|Any CPU
		{78FA8870-F012-480C-92ED-2C17DD6802C8}.Release|Any CPU.ActiveCfg = Release|Any CPU
		{78FA8870-F012-480C-92ED-2C17DD6802C8}.Release|Any CPU.Build.0 = Release|Any CPU
	EndGlobalSection
	GlobalSection(SolutionProperties) = preSolution
		HideSolutionNode = FALSE
	EndGlobalSection
	GlobalSection(ExtensibilityGlobals) = postSolution
		SolutionGuid = {1BE27067-E66D-4C0E-9BFD-3C6B6D40F222}
	EndGlobalSection
EndGlobal
